
Microsoft Visual Studio Solution File, Format Version 12.00
# Visual Studio 2012
Project("{FAE04EC0-301F-11D3-BF4B-00C04F79EFBC}") = "AMASurveyHelper", "AMASurveyHelper\AMASurveyHelper.csproj", "{DD3D6384-8BF4-4976-8193-FF455A93380D}"
EndProject
Global
	GlobalSection(SolutionConfigurationPlatforms) = preSolution
		Debug|Any CPU = Debug|Any CPU
		Release|Any CPU = Release|Any CPU
	EndGlobalSection
	GlobalSection(ProjectConfigurationPlatforms) = postSolution
		{DD3D6384-8BF4-4976-8193-FF455A93380D}.Debug|Any CPU.ActiveCfg = Debug|Any CPU
		{DD3D6384-8BF4-4976-8193-FF455A93380D}.Debug|Any CPU.Build.0 = Debug|Any CPU
		{DD3D6384-8BF4-4976-8193-FF455A93380D}.Release|Any CPU.ActiveCfg = Release|Any CPU
		{DD3D6384-8BF4-4976-8193-FF455A93380D}.Release|Any CPU.Build.0 = Release|Any CPU
	EndGlobalSection
	GlobalSection(SolutionProperties) = preSolution
		HideSolutionNode = FALSE
	EndGlobalSection
EndGlobal
