
Microsoft Visual Studio Solution File, Format Version 12.00
# Visual Studio 2012
Project("{FAE04EC0-301F-11D3-BF4B-00C04F79EFBC}") = "WpfStyle", "WpfStyle.csproj", "{541FE62B-0BD5-4056-8DF9-1CCEAB666E18}"
EndProject
Global
	GlobalSection(SolutionConfigurationPlatforms) = preSolution
		Debug|Any CPU = Debug|Any CPU
		Release|Any CPU = Release|Any CPU
	EndGlobalSection
	GlobalSection(ProjectConfigurationPlatforms) = postSolution
		{541FE62B-0BD5-4056-8DF9-1CCEAB666E18}.Debug|Any CPU.ActiveCfg = Debug|Any CPU
		{541FE62B-0BD5-4056-8DF9-1CCEAB666E18}.Debug|Any CPU.Build.0 = Debug|Any CPU
		{541FE62B-0BD5-4056-8DF9-1CCEAB666E18}.Release|Any CPU.ActiveCfg = Release|Any CPU
		{541FE62B-0BD5-4056-8DF9-1CCEAB666E18}.Release|Any CPU.Build.0 = Release|Any CPU
	EndGlobalSection
	GlobalSection(SolutionProperties) = preSolution
		HideSolutionNode = FALSE
	EndGlobalSection
EndGlobal
