
Microsoft Visual Studio Solution File, Format Version 12.00
# Visual Studio 2012
Project("{FAE04EC0-301F-11D3-BF4B-00C04F79EFBC}") = "MyComputer", "ComputerInfo\MyComputer.csproj", "{1919B1DE-BB9D-4A8D-8B71-F5798AE78CBE}"
EndProject
Project("{FAE04EC0-301F-11D3-BF4B-00C04F79EFBC}") = "ComputerInfoTester", "ComputerInfoTester\ComputerInfoTester.csproj", "{54809200-7BBC-4349-87A6-B3C81911618F}"
EndProject
Global
	GlobalSection(SolutionConfigurationPlatforms) = preSolution
		Debug|Any CPU = Debug|Any CPU
		Release|Any CPU = Release|Any CPU
	EndGlobalSection
	GlobalSection(ProjectConfigurationPlatforms) = postSolution
		{1919B1DE-BB9D-4A8D-8B71-F5798AE78CBE}.Debug|Any CPU.ActiveCfg = Debug|Any CPU
		{1919B1DE-BB9D-4A8D-8B71-F5798AE78CBE}.Debug|Any CPU.Build.0 = Debug|Any CPU
		{1919B1DE-BB9D-4A8D-8B71-F5798AE78CBE}.Release|Any CPU.ActiveCfg = Release|Any CPU
		{1919B1DE-BB9D-4A8D-8B71-F5798AE78CBE}.Release|Any CPU.Build.0 = Release|Any CPU
		{54809200-7BBC-4349-87A6-B3C81911618F}.Debug|Any CPU.ActiveCfg = Debug|Any CPU
		{54809200-7BBC-4349-87A6-B3C81911618F}.Debug|Any CPU.Build.0 = Debug|Any CPU
		{54809200-7BBC-4349-87A6-B3C81911618F}.Release|Any CPU.ActiveCfg = Release|Any CPU
		{54809200-7BBC-4349-87A6-B3C81911618F}.Release|Any CPU.Build.0 = Release|Any CPU
	EndGlobalSection
	GlobalSection(SolutionProperties) = preSolution
		HideSolutionNode = FALSE
	EndGlobalSection
EndGlobal
